
Microsoft Visual Studio Solution File, Format Version 12.00
# Visual Studio Version 17
VisualStudioVersion = 17.11.35208.52
MinimumVisualStudioVersion = 10.0.40219.1
Project("{9A19103F-16F7-4668-BE54-9A1E7A4F7556}") = "Admin.Services", "Admin.Services\Admin.Services.csproj", "{AE7B7C1F-867A-474B-B4DD-BB94902FA9E2}"
EndProject
Project("{9A19103F-16F7-4668-BE54-9A1E7A4F7556}") = "Admin.Models", "Admin.Models\Admin.Models.csproj", "{7E887685-6B0A-4CE0-B387-EDAA20A2884D}"
EndProject
Project("{9A19103F-16F7-4668-BE54-9A1E7A4F7556}") = "Admin.Api", "Admin.Api\Admin.Api.csproj", "{20CE82DD-3FED-46D0-98F9-937FB73638AA}"
EndProject
Global
	GlobalSection(SolutionConfigurationPlatforms) = preSolution
		Debug|Any CPU = Debug|Any CPU
		Release|Any CPU = Release|Any CPU
	EndGlobalSection
	GlobalSection(ProjectConfigurationPlatforms) = postSolution
		{AE7B7C1F-867A-474B-B4DD-BB94902FA9E2}.Debug|Any CPU.ActiveCfg = Debug|Any CPU
		{AE7B7C1F-867A-474B-B4DD-BB94902FA9E2}.Debug|Any CPU.Build.0 = Debug|Any CPU
		{AE7B7C1F-867A-474B-B4DD-BB94902FA9E2}.Release|Any CPU.ActiveCfg = Release|Any CPU
		{AE7B7C1F-867A-474B-B4DD-BB94902FA9E2}.Release|Any CPU.Build.0 = Release|Any CPU
		{7E887685-6B0A-4CE0-B387-EDAA20A2884D}.Debug|Any CPU.ActiveCfg = Debug|Any CPU
		{7E887685-6B0A-4CE0-B387-EDAA20A2884D}.Debug|Any CPU.Build.0 = Debug|Any CPU
		{7E887685-6B0A-4CE0-B387-EDAA20A2884D}.Release|Any CPU.ActiveCfg = Release|Any CPU
		{7E887685-6B0A-4CE0-B387-EDAA20A2884D}.Release|Any CPU.Build.0 = Release|Any CPU
		{20CE82DD-3FED-46D0-98F9-937FB73638AA}.Debug|Any CPU.ActiveCfg = Debug|Any CPU
		{20CE82DD-3FED-46D0-98F9-937FB73638AA}.Debug|Any CPU.Build.0 = Debug|Any CPU
		{20CE82DD-3FED-46D0-98F9-937FB73638AA}.Release|Any CPU.ActiveCfg = Release|Any CPU
		{20CE82DD-3FED-46D0-98F9-937FB73638AA}.Release|Any CPU.Build.0 = Release|Any CPU
	EndGlobalSection
	GlobalSection(SolutionProperties) = preSolution
		HideSolutionNode = FALSE
	EndGlobalSection
	GlobalSection(ExtensibilityGlobals) = postSolution
		SolutionGuid = {FA06CCE6-BDFB-4BFE-AEB3-50C668F65F32}
	EndGlobalSection
EndGlobal
